
Microsoft Visual Studio Solution File, Format Version 12.00
# Visual Studio Version 16
VisualStudioVersion = 16.0.30413.136
MinimumVisualStudioVersion = 10.0.40219.1
Project("{FAE04EC0-301F-11D3-BF4B-00C04F79EFBC}") = "Task_1", "Task_1\Task_1.csproj", "{65261C03-DE9F-4F8F-AE4B-A8518581359D}"
EndProject
Project("{FAE04EC0-301F-11D3-BF4B-00C04F79EFBC}") = "Task_2", "Task_2\Task_2.csproj", "{6D0C6A18-CEF5-4AB0-A847-15D7FC5FA769}"
EndProject
Project("{FAE04EC0-301F-11D3-BF4B-00C04F79EFBC}") = "Task_4", "Task_4\Task_4.csproj", "{3EAA607B-AFBC-4F8F-A5F1-740451157775}"
EndProject
Global
	GlobalSection(SolutionConfigurationPlatforms) = preSolution
		Debug|Any CPU = Debug|Any CPU
		Release|Any CPU = Release|Any CPU
	EndGlobalSection
	GlobalSection(ProjectConfigurationPlatforms) = postSolution
		{65261C03-DE9F-4F8F-AE4B-A8518581359D}.Debug|Any CPU.ActiveCfg = Debug|Any CPU
		{65261C03-DE9F-4F8F-AE4B-A8518581359D}.Debug|Any CPU.Build.0 = Debug|Any CPU
		{65261C03-DE9F-4F8F-AE4B-A8518581359D}.Release|Any CPU.ActiveCfg = Release|Any CPU
		{65261C03-DE9F-4F8F-AE4B-A8518581359D}.Release|Any CPU.Build.0 = Release|Any CPU
		{6D0C6A18-CEF5-4AB0-A847-15D7FC5FA769}.Debug|Any CPU.ActiveCfg = Debug|Any CPU
		{6D0C6A18-CEF5-4AB0-A847-15D7FC5FA769}.Debug|Any CPU.Build.0 = Debug|Any CPU
		{6D0C6A18-CEF5-4AB0-A847-15D7FC5FA769}.Release|Any CPU.ActiveCfg = Release|Any CPU
		{6D0C6A18-CEF5-4AB0-A847-15D7FC5FA769}.Release|Any CPU.Build.0 = Release|Any CPU
		{3EAA607B-AFBC-4F8F-A5F1-740451157775}.Debug|Any CPU.ActiveCfg = Debug|Any CPU
		{3EAA607B-AFBC-4F8F-A5F1-740451157775}.Debug|Any CPU.Build.0 = Debug|Any CPU
		{3EAA607B-AFBC-4F8F-A5F1-740451157775}.Release|Any CPU.ActiveCfg = Release|Any CPU
		{3EAA607B-AFBC-4F8F-A5F1-740451157775}.Release|Any CPU.Build.0 = Release|Any CPU
	EndGlobalSection
	GlobalSection(SolutionProperties) = preSolution
		HideSolutionNode = FALSE
	EndGlobalSection
	GlobalSection(ExtensibilityGlobals) = postSolution
		SolutionGuid = {A2C3BA3F-8F9A-4908-B268-ABFD3F8DD4DA}
	EndGlobalSection
EndGlobal
