
Microsoft Visual Studio Solution File, Format Version 12.00
# Visual Studio Version 16
VisualStudioVersion = 16.0.30907.101
MinimumVisualStudioVersion = 10.0.40219.1
Project("{9A19103F-16F7-4668-BE54-9A1E7A4F7556}") = "Task_1", "Task_1\Task_1.csproj", "{515CAE3A-BC47-4B3B-AB48-D0FED6185FEC}"
EndProject
Project("{9A19103F-16F7-4668-BE54-9A1E7A4F7556}") = "Task_2", "Task_2\Task_2.csproj", "{4354CBC1-043B-49B8-92E6-0C4E8D6D1C87}"
EndProject
Global
	GlobalSection(SolutionConfigurationPlatforms) = preSolution
		Debug|Any CPU = Debug|Any CPU
		Release|Any CPU = Release|Any CPU
	EndGlobalSection
	GlobalSection(ProjectConfigurationPlatforms) = postSolution
		{515CAE3A-BC47-4B3B-AB48-D0FED6185FEC}.Debug|Any CPU.ActiveCfg = Debug|Any CPU
		{515CAE3A-BC47-4B3B-AB48-D0FED6185FEC}.Debug|Any CPU.Build.0 = Debug|Any CPU
		{515CAE3A-BC47-4B3B-AB48-D0FED6185FEC}.Release|Any CPU.ActiveCfg = Release|Any CPU
		{515CAE3A-BC47-4B3B-AB48-D0FED6185FEC}.Release|Any CPU.Build.0 = Release|Any CPU
		{4354CBC1-043B-49B8-92E6-0C4E8D6D1C87}.Debug|Any CPU.ActiveCfg = Debug|Any CPU
		{4354CBC1-043B-49B8-92E6-0C4E8D6D1C87}.Debug|Any CPU.Build.0 = Debug|Any CPU
		{4354CBC1-043B-49B8-92E6-0C4E8D6D1C87}.Release|Any CPU.ActiveCfg = Release|Any CPU
		{4354CBC1-043B-49B8-92E6-0C4E8D6D1C87}.Release|Any CPU.Build.0 = Release|Any CPU
	EndGlobalSection
	GlobalSection(SolutionProperties) = preSolution
		HideSolutionNode = FALSE
	EndGlobalSection
	GlobalSection(ExtensibilityGlobals) = postSolution
		SolutionGuid = {5D212B19-28BA-403A-A21C-408F9E94CC2A}
	EndGlobalSection
EndGlobal
