
Microsoft Visual Studio Solution File, Format Version 12.00
# Visual Studio Version 16
VisualStudioVersion = 16.0.30907.101
MinimumVisualStudioVersion = 10.0.40219.1
Project("{FAE04EC0-301F-11D3-BF4B-00C04F79EFBC}") = "Task_1", "Task_1\Task_1.csproj", "{5CB5867F-D337-4B05-9006-7F25B7E3681B}"
EndProject
Project("{FAE04EC0-301F-11D3-BF4B-00C04F79EFBC}") = "Task_2", "Task_2\Task_2.csproj", "{5E47F826-8E31-48BC-897D-78A96221EBDA}"
EndProject
Project("{FAE04EC0-301F-11D3-BF4B-00C04F79EFBC}") = "Task_3", "Task_3\Task_3.csproj", "{F142239A-C09C-4060-9A8B-7C04C52E40AF}"
EndProject
Project("{FAE04EC0-301F-11D3-BF4B-00C04F79EFBC}") = "Task_4", "Task_4\Task_4.csproj", "{6BCEE356-E2FD-494E-87A2-CA7B21BA470F}"
EndProject
Global
	GlobalSection(SolutionConfigurationPlatforms) = preSolution
		Debug|Any CPU = Debug|Any CPU
		Release|Any CPU = Release|Any CPU
	EndGlobalSection
	GlobalSection(ProjectConfigurationPlatforms) = postSolution
		{5CB5867F-D337-4B05-9006-7F25B7E3681B}.Debug|Any CPU.ActiveCfg = Debug|Any CPU
		{5CB5867F-D337-4B05-9006-7F25B7E3681B}.Debug|Any CPU.Build.0 = Debug|Any CPU
		{5CB5867F-D337-4B05-9006-7F25B7E3681B}.Release|Any CPU.ActiveCfg = Release|Any CPU
		{5CB5867F-D337-4B05-9006-7F25B7E3681B}.Release|Any CPU.Build.0 = Release|Any CPU
		{5E47F826-8E31-48BC-897D-78A96221EBDA}.Debug|Any CPU.ActiveCfg = Debug|Any CPU
		{5E47F826-8E31-48BC-897D-78A96221EBDA}.Debug|Any CPU.Build.0 = Debug|Any CPU
		{5E47F826-8E31-48BC-897D-78A96221EBDA}.Release|Any CPU.ActiveCfg = Release|Any CPU
		{5E47F826-8E31-48BC-897D-78A96221EBDA}.Release|Any CPU.Build.0 = Release|Any CPU
		{F142239A-C09C-4060-9A8B-7C04C52E40AF}.Debug|Any CPU.ActiveCfg = Debug|Any CPU
		{F142239A-C09C-4060-9A8B-7C04C52E40AF}.Debug|Any CPU.Build.0 = Debug|Any CPU
		{F142239A-C09C-4060-9A8B-7C04C52E40AF}.Release|Any CPU.ActiveCfg = Release|Any CPU
		{F142239A-C09C-4060-9A8B-7C04C52E40AF}.Release|Any CPU.Build.0 = Release|Any CPU
		{6BCEE356-E2FD-494E-87A2-CA7B21BA470F}.Debug|Any CPU.ActiveCfg = Debug|Any CPU
		{6BCEE356-E2FD-494E-87A2-CA7B21BA470F}.Debug|Any CPU.Build.0 = Debug|Any CPU
		{6BCEE356-E2FD-494E-87A2-CA7B21BA470F}.Release|Any CPU.ActiveCfg = Release|Any CPU
		{6BCEE356-E2FD-494E-87A2-CA7B21BA470F}.Release|Any CPU.Build.0 = Release|Any CPU
	EndGlobalSection
	GlobalSection(SolutionProperties) = preSolution
		HideSolutionNode = FALSE
	EndGlobalSection
	GlobalSection(ExtensibilityGlobals) = postSolution
		SolutionGuid = {F591FE61-CA3F-45F2-A6F2-3E30F5CBBA66}
	EndGlobalSection
EndGlobal
