
Microsoft Visual Studio Solution File, Format Version 12.00
# Visual Studio Version 16
VisualStudioVersion = 16.0.30907.101
MinimumVisualStudioVersion = 10.0.40219.1
Project("{FAE04EC0-301F-11D3-BF4B-00C04F79EFBC}") = "Task_1", "Task_1\Task_1.csproj", "{02015470-EF6C-421B-B4A4-FE45CE52A911}"
EndProject
Project("{FAE04EC0-301F-11D3-BF4B-00C04F79EFBC}") = "Task_2", "Task_2\Task_2.csproj", "{CB58D2F0-9CCD-4C9D-86E2-84373B9FAED7}"
EndProject
Project("{FAE04EC0-301F-11D3-BF4B-00C04F79EFBC}") = "Task_3", "Task_3\Task_3.csproj", "{9DC4C585-341D-4C55-BC2A-382F7F9F5825}"
EndProject
Global
	GlobalSection(SolutionConfigurationPlatforms) = preSolution
		Debug|Any CPU = Debug|Any CPU
		Release|Any CPU = Release|Any CPU
	EndGlobalSection
	GlobalSection(ProjectConfigurationPlatforms) = postSolution
		{02015470-EF6C-421B-B4A4-FE45CE52A911}.Debug|Any CPU.ActiveCfg = Debug|Any CPU
		{02015470-EF6C-421B-B4A4-FE45CE52A911}.Debug|Any CPU.Build.0 = Debug|Any CPU
		{02015470-EF6C-421B-B4A4-FE45CE52A911}.Release|Any CPU.ActiveCfg = Release|Any CPU
		{02015470-EF6C-421B-B4A4-FE45CE52A911}.Release|Any CPU.Build.0 = Release|Any CPU
		{CB58D2F0-9CCD-4C9D-86E2-84373B9FAED7}.Debug|Any CPU.ActiveCfg = Debug|Any CPU
		{CB58D2F0-9CCD-4C9D-86E2-84373B9FAED7}.Debug|Any CPU.Build.0 = Debug|Any CPU
		{CB58D2F0-9CCD-4C9D-86E2-84373B9FAED7}.Release|Any CPU.ActiveCfg = Release|Any CPU
		{CB58D2F0-9CCD-4C9D-86E2-84373B9FAED7}.Release|Any CPU.Build.0 = Release|Any CPU
		{9DC4C585-341D-4C55-BC2A-382F7F9F5825}.Debug|Any CPU.ActiveCfg = Debug|Any CPU
		{9DC4C585-341D-4C55-BC2A-382F7F9F5825}.Debug|Any CPU.Build.0 = Debug|Any CPU
		{9DC4C585-341D-4C55-BC2A-382F7F9F5825}.Release|Any CPU.ActiveCfg = Release|Any CPU
		{9DC4C585-341D-4C55-BC2A-382F7F9F5825}.Release|Any CPU.Build.0 = Release|Any CPU
	EndGlobalSection
	GlobalSection(SolutionProperties) = preSolution
		HideSolutionNode = FALSE
	EndGlobalSection
	GlobalSection(ExtensibilityGlobals) = postSolution
		SolutionGuid = {F9679465-067A-4203-B4B8-CAA2E04887DE}
	EndGlobalSection
EndGlobal
