
Microsoft Visual Studio Solution File, Format Version 12.00
# Visual Studio Version 16
VisualStudioVersion = 16.0.30907.101
MinimumVisualStudioVersion = 10.0.40219.1
Project("{FAE04EC0-301F-11D3-BF4B-00C04F79EFBC}") = "Task_1", "Task_1\Task_1.csproj", "{6DF9CF9E-9B58-494E-8A3F-CA8BC948AE40}"
EndProject
Global
	GlobalSection(SolutionConfigurationPlatforms) = preSolution
		Debug|Any CPU = Debug|Any CPU
		Release|Any CPU = Release|Any CPU
	EndGlobalSection
	GlobalSection(ProjectConfigurationPlatforms) = postSolution
		{6DF9CF9E-9B58-494E-8A3F-CA8BC948AE40}.Debug|Any CPU.ActiveCfg = Debug|Any CPU
		{6DF9CF9E-9B58-494E-8A3F-CA8BC948AE40}.Debug|Any CPU.Build.0 = Debug|Any CPU
		{6DF9CF9E-9B58-494E-8A3F-CA8BC948AE40}.Release|Any CPU.ActiveCfg = Release|Any CPU
		{6DF9CF9E-9B58-494E-8A3F-CA8BC948AE40}.Release|Any CPU.Build.0 = Release|Any CPU
	EndGlobalSection
	GlobalSection(SolutionProperties) = preSolution
		HideSolutionNode = FALSE
	EndGlobalSection
	GlobalSection(ExtensibilityGlobals) = postSolution
		SolutionGuid = {DE65A6F8-56F7-4253-9AA3-636157B15B33}
	EndGlobalSection
EndGlobal
