
Microsoft Visual Studio Solution File, Format Version 12.00
# Visual Studio Version 16
VisualStudioVersion = 16.0.30413.136
MinimumVisualStudioVersion = 10.0.40219.1
Project("{9A19103F-16F7-4668-BE54-9A1E7A4F7556}") = "Task_01", "ConsoleApp2\Task_01.csproj", "{9E21319E-6952-4541-9575-EB2064A7DD42}"
EndProject
Project("{9A19103F-16F7-4668-BE54-9A1E7A4F7556}") = "Task_02", "ConsoleApp1\Task_02.csproj", "{6E6C7B0D-54E6-4C43-9FC3-419339C0892F}"
EndProject
Project("{9A19103F-16F7-4668-BE54-9A1E7A4F7556}") = "Task_03", "ConsoleApp3\Task_03.csproj", "{8C454C71-EF1D-414D-820D-178D93A0697E}"
EndProject
Global
	GlobalSection(SolutionConfigurationPlatforms) = preSolution
		Debug|Any CPU = Debug|Any CPU
		Release|Any CPU = Release|Any CPU
	EndGlobalSection
	GlobalSection(ProjectConfigurationPlatforms) = postSolution
		{9E21319E-6952-4541-9575-EB2064A7DD42}.Debug|Any CPU.ActiveCfg = Debug|Any CPU
		{9E21319E-6952-4541-9575-EB2064A7DD42}.Debug|Any CPU.Build.0 = Debug|Any CPU
		{9E21319E-6952-4541-9575-EB2064A7DD42}.Release|Any CPU.ActiveCfg = Release|Any CPU
		{9E21319E-6952-4541-9575-EB2064A7DD42}.Release|Any CPU.Build.0 = Release|Any CPU
		{6E6C7B0D-54E6-4C43-9FC3-419339C0892F}.Debug|Any CPU.ActiveCfg = Debug|Any CPU
		{6E6C7B0D-54E6-4C43-9FC3-419339C0892F}.Debug|Any CPU.Build.0 = Debug|Any CPU
		{6E6C7B0D-54E6-4C43-9FC3-419339C0892F}.Release|Any CPU.ActiveCfg = Release|Any CPU
		{6E6C7B0D-54E6-4C43-9FC3-419339C0892F}.Release|Any CPU.Build.0 = Release|Any CPU
		{8C454C71-EF1D-414D-820D-178D93A0697E}.Debug|Any CPU.ActiveCfg = Debug|Any CPU
		{8C454C71-EF1D-414D-820D-178D93A0697E}.Debug|Any CPU.Build.0 = Debug|Any CPU
		{8C454C71-EF1D-414D-820D-178D93A0697E}.Release|Any CPU.ActiveCfg = Release|Any CPU
		{8C454C71-EF1D-414D-820D-178D93A0697E}.Release|Any CPU.Build.0 = Release|Any CPU
	EndGlobalSection
	GlobalSection(SolutionProperties) = preSolution
		HideSolutionNode = FALSE
	EndGlobalSection
	GlobalSection(ExtensibilityGlobals) = postSolution
		SolutionGuid = {1B705FD6-7357-46C4-B933-1F065C8D2BE1}
	EndGlobalSection
EndGlobal
